PODS:
  - SDWebImage (5.0.6):
    - SDWebImage/Core (= 5.0.6)
  - SDWebImage/Core (5.0.6)
  - SnapKit (5.0.1)

DEPENDENCIES:
  - SDWebImage (~> 5.0.0)
  - SnapKit (~> 5.0.0)

SPEC REPOS:
  trunk:
    - SDWebImage
    - SnapKit

SPEC CHECKSUMS:
  SDWebImage: 920f1a2ff1ca8296ad34f6e0510a1ef1d70ac965
  SnapKit: 97b92857e3df3a0c71833cce143274bf6ef8e5eb

PODFILE CHECKSUM: 0b47c24f82ed771076920b2525138a4b7cf5f89f

COCOAPODS: 1.8.4
